// !$*UTF8*$!
{
	archiveVersion = 1;
	classes = {
	};
	objectVersion = 77;
	objects = {

/* Begin PBXBuildFile section */
		204024202EE42F0500FADDB4 /* dynamicInfo.json in Resources */ = {isa = PBXBuildFile; fileRef = 2040241F2EE42F0500FADDB4 /* dynamicInfo.json */; };
		204024212EE42F0500FADDB4 /* dynamicInfo.json in Resources */ = {isa = PBXBuildFile; fileRef = 2040241F2EE42F0500FADDB4 /* dynamicInfo.json */; };
/* End PBXBuildFile section */

/* Begin PBXContainerItemProxy section */
		20401F1D2EE4130A00FADDB4 /* PBXContainerItemProxy */ = {
			isa = PBXContainerItemProxy;
			containerPortal = 204019A02EE3D24400FADDB4 /* Project object */;
			proxyType = 1;
			remoteGlobalIDString = 204019A72EE3D24400FADDB4;
			remoteInfo = SendyDynamic;
		};
/* End PBXContainerItemProxy section */

/* Begin PBXFileReference section */
		204019A82EE3D24400FADDB4 /* SendyDynamic.app */ = {isa = PBXFileReference; explicitFileType = wrapper.application; includeInIndex = 0; path = SendyDynamic.app; sourceTree = BUILT_PRODUCTS_DIR; };
		20401F192EE4130A00FADDB4 /* SendyDynamicTests.xctest */ = {isa = PBXFileReference; explicitFileType = wrapper.cfbundle; includeInIndex = 0; path = SendyDynamicTests.xctest; sourceTree = BUILT_PRODUCTS_DIR; };
		2040241F2EE42F0500FADDB4 /* dynamicInfo.json */ = {isa = PBXFileReference; lastKnownFileType = text.json; path = dynamicInfo.json; sourceTree = "<group>"; };
/* End PBXFileReference section */

/* Begin PBXFileSystemSynchronizedBuildFileExceptionSet section */
		20CC23262EEFA7D100B92382 /* Exceptions for "dynamicYao" folder in "SendyDynamicTests" target */ = {
			isa = PBXFileSystemSynchronizedBuildFileExceptionSet;
			membershipExceptions = (
				50802fm.gif,
				avatar302,
				avatar303,
				avatar304,
				avatar305,
				avatar306,
				avatar307,
				avatar308,
				avatar309,
				avatar3010,
				e327769.gif,
				e400217.gif,
				e400823.gif,
				e400824.gif,
				e400832.gif,
				e400850.gif,
				e400932.gif,
				yao,
			);
			target = 20401F182EE4130A00FADDB4 /* SendyDynamicTests */;
		};
		20E703382EEC2D7C00E56640 /* Exceptions for "SendyDynamic" folder in "SendyDynamicTests" target */ = {
			isa = PBXFileSystemSynchronizedBuildFileExceptionSet;
			membershipExceptions = (
				Compontens/SidebarSwitcher.swift,
				Utils/AdditionalContent.swift,
				Utils/ImageToolKit.swift,
				Utils/SendyUtils.swift,
			);
			target = 20401F182EE4130A00FADDB4 /* SendyDynamicTests */;
		};
/* End PBXFileSystemSynchronizedBuildFileExceptionSet section */

/* Begin PBXFileSystemSynchronizedRootGroup section */
		204019AA2EE3D24400FADDB4 /* SendyDynamic */ = {
			isa = PBXFileSystemSynchronizedRootGroup;
			exceptions = (
				20E703382EEC2D7C00E56640 /* Exceptions for "SendyDynamic" folder in "SendyDynamicTests" target */,
			);
			path = SendyDynamic;
			sourceTree = "<group>";
		};
		204019C52EE3D24800FADDB4 /* SendyDynamicUITests */ = {
			isa = PBXFileSystemSynchronizedRootGroup;
			path = SendyDynamicUITests;
			sourceTree = "<group>";
		};
		20401F1A2EE4130A00FADDB4 /* SendyDynamicTests */ = {
			isa = PBXFileSystemSynchronizedRootGroup;
			path = SendyDynamicTests;
			sourceTree = "<group>";
		};
		208E591A2EEDA5B300D3D327 /* dynamicYi */ = {
			isa = PBXFileSystemSynchronizedRootGroup;
			path = dynamicYi;
			sourceTree = "<group>";
		};
		20CC23052EEFA7A700B92382 /* dynamicYao */ = {
			isa = PBXFileSystemSynchronizedRootGroup;
			exceptions = (
				20CC23262EEFA7D100B92382 /* Exceptions for "dynamicYao" folder in "SendyDynamicTests" target */,
			);
			path = dynamicYao;
			sourceTree = "<group>";
		};
/* End PBXFileSystemSynchronizedRootGroup section */

/* Begin PBXFrameworksBuildPhase section */
		204019A52EE3D24400FADDB4 /* Frameworks */ = {
			isa = PBXFrameworksBuildPhase;
			buildActionMask = 2147483647;
			files = (
			);
			runOnlyForDeploymentPostprocessing = 0;
		};
		20401F162EE4130A00FADDB4 /* Frameworks */ = {
			isa = PBXFrameworksBuildPhase;
			buildActionMask = 2147483647;
			files = (
			);
			runOnlyForDeploymentPostprocessing = 0;
		};
/* End PBXFrameworksBuildPhase section */

/* Begin PBXGroup section */
		2040199F2EE3D24400FADDB4 = {
			isa = PBXGroup;
			children = (
				2040241B2EE42DC100FADDB4 /* Assets */,
				204019C52EE3D24800FADDB4 /* SendyDynamicUITests */,
				20401F1A2EE4130A00FADDB4 /* SendyDynamicTests */,
				204019A92EE3D24400FADDB4 /* Products */,
				204019AA2EE3D24400FADDB4 /* SendyDynamic */,
			);
			sourceTree = "<group>";
		};
		204019A92EE3D24400FADDB4 /* Products */ = {
			isa = PBXGroup;
			children = (
				204019A82EE3D24400FADDB4 /* SendyDynamic.app */,
				20401F192EE4130A00FADDB4 /* SendyDynamicTests.xctest */,
			);
			name = Products;
			sourceTree = "<group>";
		};
		2040241B2EE42DC100FADDB4 /* Assets */ = {
			isa = PBXGroup;
			children = (
				207515992EE43C3700837F45 /* photos */,
				2040241F2EE42F0500FADDB4 /* dynamicInfo.json */,
			);
			path = Assets;
			sourceTree = "<group>";
		};
		207515992EE43C3700837F45 /* photos */ = {
			isa = PBXGroup;
			children = (
				20CC23052EEFA7A700B92382 /* dynamicYao */,
				208E591A2EEDA5B300D3D327 /* dynamicYi */,
			);
			path = photos;
			sourceTree = "<group>";
		};
/* End PBXGroup section */

/* Begin PBXNativeTarget section */
		204019A72EE3D24400FADDB4 /* SendyDynamic */ = {
			isa = PBXNativeTarget;
			buildConfigurationList = 204019CC2EE3D24800FADDB4 /* Build configuration list for PBXNativeTarget "SendyDynamic" */;
			buildPhases = (
				204019A42EE3D24400FADDB4 /* Sources */,
				204019A52EE3D24400FADDB4 /* Frameworks */,
				204019A62EE3D24400FADDB4 /* Resources */,
			);
			buildRules = (
			);
			dependencies = (
			);
			fileSystemSynchronizedGroups = (
				204019AA2EE3D24400FADDB4 /* SendyDynamic */,
				208E591A2EEDA5B300D3D327 /* dynamicYi */,
				20CC23052EEFA7A700B92382 /* dynamicYao */,
			);
			name = SendyDynamic;
			packageProductDependencies = (
			);
			productName = SendyDynamic;
			productReference = 204019A82EE3D24400FADDB4 /* SendyDynamic.app */;
			productType = "com.apple.product-type.application";
		};
		20401F182EE4130A00FADDB4 /* SendyDynamicTests */ = {
			isa = PBXNativeTarget;
			buildConfigurationList = 20401F1F2EE4130A00FADDB4 /* Build configuration list for PBXNativeTarget "SendyDynamicTests" */;
			buildPhases = (
				20401F152EE4130A00FADDB4 /* Sources */,
				20401F162EE4130A00FADDB4 /* Frameworks */,
				20401F172EE4130A00FADDB4 /* Resources */,
			);
			buildRules = (
			);
			dependencies = (
				20401F1E2EE4130A00FADDB4 /* PBXTargetDependency */,
			);
			fileSystemSynchronizedGroups = (
				20401F1A2EE4130A00FADDB4 /* SendyDynamicTests */,
				208E591A2EEDA5B300D3D327 /* dynamicYi */,
				20CC23052EEFA7A700B92382 /* dynamicYao */,
			);
			name = SendyDynamicTests;
			packageProductDependencies = (
			);
			productName = SendyDynamicTests;
			productReference = 20401F192EE4130A00FADDB4 /* SendyDynamicTests.xctest */;
			productType = "com.apple.product-type.bundle.unit-test";
		};
/* End PBXNativeTarget section */

/* Begin PBXProject section */
		204019A02EE3D24400FADDB4 /* Project object */ = {
			isa = PBXProject;
			attributes = {
				BuildIndependentTargetsInParallel = 1;
				LastSwiftUpdateCheck = 1620;
				LastUpgradeCheck = 1620;
				TargetAttributes = {
					204019A72EE3D24400FADDB4 = {
						CreatedOnToolsVersion = 16.2;
					};
					20401F182EE4130A00FADDB4 = {
						CreatedOnToolsVersion = 16.2;
						TestTargetID = 204019A72EE3D24400FADDB4;
					};
				};
			};
			buildConfigurationList = 204019A32EE3D24400FADDB4 /* Build configuration list for PBXProject "SendyDynamic" */;
			developmentRegion = en;
			hasScannedForEncodings = 0;
			knownRegions = (
				en,
				Base,
			);
			mainGroup = 2040199F2EE3D24400FADDB4;
			minimizedProjectReferenceProxies = 1;
			preferredProjectObjectVersion = 77;
			productRefGroup = 204019A92EE3D24400FADDB4 /* Products */;
			projectDirPath = "";
			projectRoot = "";
			targets = (
				204019A72EE3D24400FADDB4 /* SendyDynamic */,
				20401F182EE4130A00FADDB4 /* SendyDynamicTests */,
			);
		};
/* End PBXProject section */

/* Begin PBXResourcesBuildPhase section */
		204019A62EE3D24400FADDB4 /* Resources */ = {
			isa = PBXResourcesBuildPhase;
			buildActionMask = 2147483647;
			files = (
				204024202EE42F0500FADDB4 /* dynamicInfo.json in Resources */,
			);
			runOnlyForDeploymentPostprocessing = 0;
		};
		20401F172EE4130A00FADDB4 /* Resources */ = {
			isa = PBXResourcesBuildPhase;
			buildActionMask = 2147483647;
			files = (
				204024212EE42F0500FADDB4 /* dynamicInfo.json in Resources */,
			);
			runOnlyForDeploymentPostprocessing = 0;
		};
/* End PBXResourcesBuildPhase section */

/* Begin PBXSourcesBuildPhase section */
		204019A42EE3D24400FADDB4 /* Sources */ = {
			isa = PBXSourcesBuildPhase;
			buildActionMask = 2147483647;
			files = (
			);
			runOnlyForDeploymentPostprocessing = 0;
		};
		20401F152EE4130A00FADDB4 /* Sources */ = {
			isa = PBXSourcesBuildPhase;
			buildActionMask = 2147483647;
			files = (
			);
			runOnlyForDeploymentPostprocessing = 0;
		};
/* End PBXSourcesBuildPhase section */

/* Begin PBXTargetDependency section */
		20401F1E2EE4130A00FADDB4 /* PBXTargetDependency */ = {
			isa = PBXTargetDependency;
			target = 204019A72EE3D24400FADDB4 /* SendyDynamic */;
			targetProxy = 20401F1D2EE4130A00FADDB4 /* PBXContainerItemProxy */;
		};
/* End PBXTargetDependency section */

/* Begin XCBuildConfiguration section */
		204019CA2EE3D24800FADDB4 /* Debug */ = {
			isa = XCBuildConfiguration;
			buildSettings = {
				ALWAYS_SEARCH_USER_PATHS = NO;
				ASSETCATALOG_COMPILER_GENERATE_SWIFT_ASSET_SYMBOL_EXTENSIONS = YES;
				CLANG_ANALYZER_NONNULL = YES;
				CLANG_ANALYZER_NUMBER_OBJECT_CONVERSION = YES_AGGRESSIVE;
				CLANG_CXX_LANGUAGE_STANDARD = "gnu++20";
				CLANG_ENABLE_MODULES = YES;
				CLANG_ENABLE_OBJC_ARC = YES;
				CLANG_ENABLE_OBJC_WEAK = YES;
				CLANG_WARN_BLOCK_CAPTURE_AUTORELEASING = YES;
				CLANG_WARN_BOOL_CONVERSION = YES;
				CLANG_WARN_COMMA = YES;
				CLANG_WARN_CONSTANT_CONVERSION = YES;
				CLANG_WARN_DEPRECATED_OBJC_IMPLEMENTATIONS = YES;
				CLANG_WARN_DIRECT_OBJC_ISA_USAGE = YES_ERROR;
				CLANG_WARN_DOCUMENTATION_COMMENTS = YES;
				CLANG_WARN_EMPTY_BODY = YES;
				CLANG_WARN_ENUM_CONVERSION = YES;
				CLANG_WARN_INFINITE_RECURSION = YES;
				CLANG_WARN_INT_CONVERSION = YES;
				CLANG_WARN_NON_LITERAL_NULL_CONVERSION = YES;
				CLANG_WARN_OBJC_IMPLICIT_RETAIN_SELF = YES;
				CLANG_WARN_OBJC_LITERAL_CONVERSION = YES;
				CLANG_WARN_OBJC_ROOT_CLASS = YES_ERROR;
				CLANG_WARN_QUOTED_INCLUDE_IN_FRAMEWORK_HEADER = YES;
				CLANG_WARN_RANGE_LOOP_ANALYSIS = YES;
				CLANG_WARN_STRICT_PROTOTYPES = YES;
				CLANG_WARN_SUSPICIOUS_MOVE = YES;
				CLANG_WARN_UNGUARDED_AVAILABILITY = YES_AGGRESSIVE;
				CLANG_WARN_UNREACHABLE_CODE = YES;
				CLANG_WARN__DUPLICATE_METHOD_MATCH = YES;
				COPY_PHASE_STRIP = NO;
				DEBUG_INFORMATION_FORMAT = dwarf;
				ENABLE_STRICT_OBJC_MSGSEND = YES;
				ENABLE_TESTABILITY = YES;
				ENABLE_USER_SCRIPT_SANDBOXING = YES;
				GCC_C_LANGUAGE_STANDARD = gnu17;
				GCC_DYNAMIC_NO_PIC = NO;
				GCC_NO_COMMON_BLOCKS = YES;
				GCC_OPTIMIZATION_LEVEL = 0;
				GCC_PREPROCESSOR_DEFINITIONS = (
					"DEBUG=1",
					"$(inherited)",
				);
				GCC_WARN_64_TO_32_BIT_CONVERSION = YES;
				GCC_WARN_ABOUT_RETURN_TYPE = YES_ERROR;
				GCC_WARN_UNDECLARED_SELECTOR = YES;
				GCC_WARN_UNINITIALIZED_AUTOS = YES_AGGRESSIVE;
				GCC_WARN_UNUSED_FUNCTION = YES;
				GCC_WARN_UNUSED_VARIABLE = YES;
				INFOPLIST_KEY_UILaunchScreen_Generation = YES;
				INFOPLIST_KEY_UILaunchStoryboardName = LaunchScreen.storyboard;
				IPHONEOS_DEPLOYMENT_TARGET = 18.2;
				LOCALIZATION_PREFERS_STRING_CATALOGS = YES;
				MTL_ENABLE_DEBUG_INFO = INCLUDE_SOURCE;
				MTL_FAST_MATH = YES;
				ONLY_ACTIVE_ARCH = YES;
				SDKROOT = iphoneos;
				SWIFT_ACTIVE_COMPILATION_CONDITIONS = "DEBUG $(inherited)";
				SWIFT_OPTIMIZATION_LEVEL = "-Onone";
			};
			name = Debug;
		};
		204019CB2EE3D24800FADDB4 /* Release */ = {
			isa = XCBuildConfiguration;
			buildSettings = {
				ALWAYS_SEARCH_USER_PATHS = NO;
				ASSETCATALOG_COMPILER_GENERATE_SWIFT_ASSET_SYMBOL_EXTENSIONS = YES;
				CLANG_ANALYZER_NONNULL = YES;
				CLANG_ANALYZER_NUMBER_OBJECT_CONVERSION = YES_AGGRESSIVE;
				CLANG_CXX_LANGUAGE_STANDARD = "gnu++20";
				CLANG_ENABLE_MODULES = YES;
				CLANG_ENABLE_OBJC_ARC = YES;
				CLANG_ENABLE_OBJC_WEAK = YES;
				CLANG_WARN_BLOCK_CAPTURE_AUTORELEASING = YES;
				CLANG_WARN_BOOL_CONVERSION = YES;
				CLANG_WARN_COMMA = YES;
				CLANG_WARN_CONSTANT_CONVERSION = YES;
				CLANG_WARN_DEPRECATED_OBJC_IMPLEMENTATIONS = YES;
				CLANG_WARN_DIRECT_OBJC_ISA_USAGE = YES_ERROR;
				CLANG_WARN_DOCUMENTATION_COMMENTS = YES;
				CLANG_WARN_EMPTY_BODY = YES;
				CLANG_WARN_ENUM_CONVERSION = YES;
				CLANG_WARN_INFINITE_RECURSION = YES;
				CLANG_WARN_INT_CONVERSION = YES;
				CLANG_WARN_NON_LITERAL_NULL_CONVERSION = YES;
				CLANG_WARN_OBJC_IMPLICIT_RETAIN_SELF = YES;
				CLANG_WARN_OBJC_LITERAL_CONVERSION = YES;
				CLANG_WARN_OBJC_ROOT_CLASS = YES_ERROR;
				CLANG_WARN_QUOTED_INCLUDE_IN_FRAMEWORK_HEADER = YES;
				CLANG_WARN_RANGE_LOOP_ANALYSIS = YES;
				CLANG_WARN_STRICT_PROTOTYPES = YES;
				CLANG_WARN_SUSPICIOUS_MOVE = YES;
				CLANG_WARN_UNGUARDED_AVAILABILITY = YES_AGGRESSIVE;
				CLANG_WARN_UNREACHABLE_CODE = YES;
				CLANG_WARN__DUPLICATE_METHOD_MATCH = YES;
				COPY_PHASE_STRIP = NO;
				DEBUG_INFORMATION_FORMAT = "dwarf-with-dsym";
				ENABLE_NS_ASSERTIONS = NO;
				ENABLE_STRICT_OBJC_MSGSEND = YES;
				ENABLE_USER_SCRIPT_SANDBOXING = YES;
				GCC_C_LANGUAGE_STANDARD = gnu17;
				GCC_NO_COMMON_BLOCKS = YES;
				GCC_WARN_64_TO_32_BIT_CONVERSION = YES;
				GCC_WARN_ABOUT_RETURN_TYPE = YES_ERROR;
				GCC_WARN_UNDECLARED_SELECTOR = YES;
				GCC_WARN_UNINITIALIZED_AUTOS = YES_AGGRESSIVE;
				GCC_WARN_UNUSED_FUNCTION = YES;
				GCC_WARN_UNUSED_VARIABLE = YES;
				INFOPLIST_KEY_UILaunchScreen_Generation = YES;
				INFOPLIST_KEY_UILaunchStoryboardName = LaunchScreen.storyboard;
				IPHONEOS_DEPLOYMENT_TARGET = 18.2;
				LOCALIZATION_PREFERS_STRING_CATALOGS = YES;
				MTL_ENABLE_DEBUG_INFO = NO;
				MTL_FAST_MATH = YES;
				SDKROOT = iphoneos;
				SWIFT_COMPILATION_MODE = wholemodule;
				VALIDATE_PRODUCT = YES;
			};
			name = Release;
		};
		204019CD2EE3D24800FADDB4 /* Debug */ = {
			isa = XCBuildConfiguration;
			buildSettings = {
				ASSETCATALOG_COMPILER_APPICON_NAME = AppIcon;
				ASSETCATALOG_COMPILER_GLOBAL_ACCENT_COLOR_NAME = AccentColor;
				ASSETCATALOG_COMPILER_INCLUDE_ALL_APPICON_ASSETS = NO;
				CODE_SIGN_STYLE = Automatic;
				CURRENT_PROJECT_VERSION = 1;
				DEVELOPMENT_ASSET_PATHS = "\"SendyDynamic/Preview Content\"";
				DEVELOPMENT_TEAM = 7XX66H6FSV;
				ENABLE_PREVIEWS = YES;
				GENERATE_INFOPLIST_FILE = YES;
				INFOPLIST_KEY_CFBundleDisplayName = "Sendy Dynamic";
				INFOPLIST_KEY_LSApplicationCategoryType = "public.app-category.entertainment";
				INFOPLIST_KEY_NSLocalNetworkUsageDescription = "We need access Local Network to Judge Network Env";
				INFOPLIST_KEY_UIApplicationSceneManifest_Generation = YES;
				INFOPLIST_KEY_UIApplicationSupportsIndirectInputEvents = YES;
				INFOPLIST_KEY_UILaunchScreen_Generation = YES;
				INFOPLIST_KEY_UILaunchStoryboardName = "";
				INFOPLIST_KEY_UISupportedInterfaceOrientations_iPad = "UIInterfaceOrientationPortrait UIInterfaceOrientationPortraitUpsideDown UIInterfaceOrientationLandscapeLeft UIInterfaceOrientationLandscapeRight";
				INFOPLIST_KEY_UISupportedInterfaceOrientations_iPhone = "UIInterfaceOrientationPortrait UIInterfaceOrientationLandscapeLeft UIInterfaceOrientationLandscapeRight";
				IPHONEOS_DEPLOYMENT_TARGET = 17.3.1;
				LD_RUNPATH_SEARCH_PATHS = (
					"$(inherited)",
					"@executable_path/Frameworks",
				);
				MARKETING_VERSION = 1.0;
				PRODUCT_BUNDLE_IDENTIFIER = com.whisperYao.SendyDynamic;
				PRODUCT_NAME = "$(TARGET_NAME)";
				SUPPORTED_PLATFORMS = "iphoneos iphonesimulator";
				SUPPORTS_MACCATALYST = NO;
				SUPPORTS_MAC_DESIGNED_FOR_IPHONE_IPAD = NO;
				SUPPORTS_XR_DESIGNED_FOR_IPHONE_IPAD = NO;
				SWIFT_EMIT_LOC_STRINGS = YES;
				SWIFT_VERSION = 5.0;
				TARGETED_DEVICE_FAMILY = "1,2";
			};
			name = Debug;
		};
		204019CE2EE3D24800FADDB4 /* Release */ = {
			isa = XCBuildConfiguration;
			buildSettings = {
				ASSETCATALOG_COMPILER_APPICON_NAME = AppIcon;
				ASSETCATALOG_COMPILER_GLOBAL_ACCENT_COLOR_NAME = AccentColor;
				ASSETCATALOG_COMPILER_INCLUDE_ALL_APPICON_ASSETS = NO;
				CODE_SIGN_STYLE = Automatic;
				CURRENT_PROJECT_VERSION = 1;
				DEVELOPMENT_ASSET_PATHS = "\"SendyDynamic/Preview Content\"";
				DEVELOPMENT_TEAM = 7XX66H6FSV;
				ENABLE_PREVIEWS = YES;
				GENERATE_INFOPLIST_FILE = YES;
				INFOPLIST_KEY_CFBundleDisplayName = "Sendy Dynamic";
				INFOPLIST_KEY_LSApplicationCategoryType = "public.app-category.entertainment";
				INFOPLIST_KEY_NSLocalNetworkUsageDescription = "We need access Local Network to Judge Network Env";
				INFOPLIST_KEY_UIApplicationSceneManifest_Generation = YES;
				INFOPLIST_KEY_UIApplicationSupportsIndirectInputEvents = YES;
				INFOPLIST_KEY_UILaunchScreen_Generation = YES;
				INFOPLIST_KEY_UILaunchStoryboardName = "";
				INFOPLIST_KEY_UISupportedInterfaceOrientations_iPad = "UIInterfaceOrientationPortrait UIInterfaceOrientationPortraitUpsideDown UIInterfaceOrientationLandscapeLeft UIInterfaceOrientationLandscapeRight";
				INFOPLIST_KEY_UISupportedInterfaceOrientations_iPhone = "UIInterfaceOrientationPortrait UIInterfaceOrientationLandscapeLeft UIInterfaceOrientationLandscapeRight";
				IPHONEOS_DEPLOYMENT_TARGET = 17.3.1;
				LD_RUNPATH_SEARCH_PATHS = (
					"$(inherited)",
					"@executable_path/Frameworks",
				);
				MARKETING_VERSION = 1.0;
				PRODUCT_BUNDLE_IDENTIFIER = com.whisperYao.SendyDynamic;
				PRODUCT_NAME = "$(TARGET_NAME)";
				SUPPORTED_PLATFORMS = "iphoneos iphonesimulator";
				SUPPORTS_MACCATALYST = NO;
				SUPPORTS_MAC_DESIGNED_FOR_IPHONE_IPAD = NO;
				SUPPORTS_XR_DESIGNED_FOR_IPHONE_IPAD = NO;
				SWIFT_EMIT_LOC_STRINGS = YES;
				SWIFT_VERSION = 5.0;
				TARGETED_DEVICE_FAMILY = "1,2";
			};
			name = Release;
		};
		20401F202EE4130A00FADDB4 /* Debug */ = {
			isa = XCBuildConfiguration;
			buildSettings = {
				BUNDLE_LOADER = "$(TEST_HOST)";
				CODE_SIGN_STYLE = Automatic;
				CURRENT_PROJECT_VERSION = 1;
				DEVELOPMENT_TEAM = 7XX66H6FSV;
				GENERATE_INFOPLIST_FILE = YES;
				INFOPLIST_KEY_UILaunchScreen_Generation = YES;
				INFOPLIST_KEY_UILaunchStoryboardName = LaunchScreen.storyboard;
				IPHONEOS_DEPLOYMENT_TARGET = 17.3;
				MARKETING_VERSION = 1.0;
				PRODUCT_BUNDLE_IDENTIFIER = com.whisperYao.SendyDynamicTests;
				PRODUCT_NAME = "$(TARGET_NAME)";
				SUPPORTED_PLATFORMS = "iphoneos iphonesimulator";
				SUPPORTS_MACCATALYST = NO;
				SUPPORTS_XR_DESIGNED_FOR_IPHONE_IPAD = NO;
				SWIFT_EMIT_LOC_STRINGS = NO;
				SWIFT_VERSION = 5.0;
				TARGETED_DEVICE_FAMILY = "1,2";
				TEST_HOST = "$(BUILT_PRODUCTS_DIR)/SendyDynamic.app/$(BUNDLE_EXECUTABLE_FOLDER_PATH)/SendyDynamic";
			};
			name = Debug;
		};
		20401F212EE4130A00FADDB4 /* Release */ = {
			isa = XCBuildConfiguration;
			buildSettings = {
				BUNDLE_LOADER = "$(TEST_HOST)";
				CODE_SIGN_STYLE = Automatic;
				CURRENT_PROJECT_VERSION = 1;
				DEVELOPMENT_TEAM = 7XX66H6FSV;
				GENERATE_INFOPLIST_FILE = YES;
				INFOPLIST_KEY_UILaunchScreen_Generation = YES;
				INFOPLIST_KEY_UILaunchStoryboardName = LaunchScreen.storyboard;
				IPHONEOS_DEPLOYMENT_TARGET = 17.3;
				MARKETING_VERSION = 1.0;
				PRODUCT_BUNDLE_IDENTIFIER = com.whisperYao.SendyDynamicTests;
				PRODUCT_NAME = "$(TARGET_NAME)";
				SUPPORTED_PLATFORMS = "iphoneos iphonesimulator";
				SUPPORTS_MACCATALYST = NO;
				SUPPORTS_XR_DESIGNED_FOR_IPHONE_IPAD = NO;
				SWIFT_EMIT_LOC_STRINGS = NO;
				SWIFT_VERSION = 5.0;
				TARGETED_DEVICE_FAMILY = "1,2";
				TEST_HOST = "$(BUILT_PRODUCTS_DIR)/SendyDynamic.app/$(BUNDLE_EXECUTABLE_FOLDER_PATH)/SendyDynamic";
			};
			name = Release;
		};
/* End XCBuildConfiguration section */

/* Begin XCConfigurationList section */
		204019A32EE3D24400FADDB4 /* Build configuration list for PBXProject "SendyDynamic" */ = {
			isa = XCConfigurationList;
			buildConfigurations = (
				204019CA2EE3D24800FADDB4 /* Debug */,
				204019CB2EE3D24800FADDB4 /* Release */,
			);
			defaultConfigurationIsVisible = 0;
			defaultConfigurationName = Debug;
		};
		204019CC2EE3D24800FADDB4 /* Build configuration list for PBXNativeTarget "SendyDynamic" */ = {
			isa = XCConfigurationList;
			buildConfigurations = (
				204019CD2EE3D24800FADDB4 /* Debug */,
				204019CE2EE3D24800FADDB4 /* Release */,
			);
			defaultConfigurationIsVisible = 0;
			defaultConfigurationName = Debug;
		};
		20401F1F2EE4130A00FADDB4 /* Build configuration list for PBXNativeTarget "SendyDynamicTests" */ = {
			isa = XCConfigurationList;
			buildConfigurations = (
				20401F202EE4130A00FADDB4 /* Debug */,
				20401F212EE4130A00FADDB4 /* Release */,
			);
			defaultConfigurationIsVisible = 0;
			defaultConfigurationName = Debug;
		};
/* End XCConfigurationList section */
	};
	rootObject = 204019A02EE3D24400FADDB4 /* Project object */;
}
